
Microsoft Visual Studio Solution File, Format Version 12.00
# Visual Studio Version 16
VisualStudioVersion = 16.0.32802.440
MinimumVisualStudioVersion = 10.0.40219.1
Project("{FAE04EC0-301F-11D3-BF4B-00C04F79EFBC}") = "Program 9 Lottery Ticket", "Program 9 Lottery Ticket.csproj", "{AC436050-F68D-4469-93A7-1EC363574AD9}"
EndProject
Global
	GlobalSection(SolutionConfigurationPlatforms) = preSolution
		Debug|Any CPU = Debug|Any CPU
		Release|Any CPU = Release|Any CPU
	EndGlobalSection
	GlobalSection(ProjectConfigurationPlatforms) = postSolution
		{AC436050-F68D-4469-93A7-1EC363574AD9}.Debug|Any CPU.ActiveCfg = Debug|Any CPU
		{AC436050-F68D-4469-93A7-1EC363574AD9}.Debug|Any CPU.Build.0 = Debug|Any CPU
		{AC436050-F68D-4469-93A7-1EC363574AD9}.Release|Any CPU.ActiveCfg = Release|Any CPU
		{AC436050-F68D-4469-93A7-1EC363574AD9}.Release|Any CPU.Build.0 = Release|Any CPU
	EndGlobalSection
	GlobalSection(SolutionProperties) = preSolution
		HideSolutionNode = FALSE
	EndGlobalSection
	GlobalSection(ExtensibilityGlobals) = postSolution
		SolutionGuid = {F278C814-4FA1-4517-B089-76ADB4608970}
	EndGlobalSection
EndGlobal
